
Microsoft Visual Studio Solution File, Format Version 12.00
# Visual Studio Version 17
VisualStudioVersion = 17.3.32811.315
MinimumVisualStudioVersion = 10.0.40219.1
Project("{FAE04EC0-301F-11D3-BF4B-00C04F79EFBC}") = "Prova1PR2", "Prova1PR2\Prova1PR2.csproj", "{7E8B196D-1837-45AE-BF73-8900F1E5A35E}"
EndProject
Global
	GlobalSection(SolutionConfigurationPlatforms) = preSolution
		Debug|Any CPU = Debug|Any CPU
		Release|Any CPU = Release|Any CPU
	EndGlobalSection
	GlobalSection(ProjectConfigurationPlatforms) = postSolution
		{7E8B196D-1837-45AE-BF73-8900F1E5A35E}.Debug|Any CPU.ActiveCfg = Debug|Any CPU
		{7E8B196D-1837-45AE-BF73-8900F1E5A35E}.Debug|Any CPU.Build.0 = Debug|Any CPU
		{7E8B196D-1837-45AE-BF73-8900F1E5A35E}.Release|Any CPU.ActiveCfg = Release|Any CPU
		{7E8B196D-1837-45AE-BF73-8900F1E5A35E}.Release|Any CPU.Build.0 = Release|Any CPU
	EndGlobalSection
	GlobalSection(SolutionProperties) = preSolution
		HideSolutionNode = FALSE
	EndGlobalSection
	GlobalSection(ExtensibilityGlobals) = postSolution
		SolutionGuid = {1E7A0D55-77C7-4B41-A6DF-9ED413A9D14E}
	EndGlobalSection
EndGlobal
